
Microsoft Visual Studio Solution File, Format Version 12.00
# Visual Studio Version 16
VisualStudioVersion = 16.0.29215.179
MinimumVisualStudioVersion = 10.0.40219.1
Project("{9A19103F-16F7-4668-BE54-9A1E7A4F7556}") = "SetsProcessor.Domain", "SetsProcessor.Data\SetsProcessor.Domain.csproj", "{882F99D8-60F5-4494-8910-4BDD00929FB3}"
EndProject
Project("{9A19103F-16F7-4668-BE54-9A1E7A4F7556}") = "Init", "Init\Init.csproj", "{CA0224FE-E40F-4E3F-B41D-784F8A660389}"
EndProject
Project("{9A19103F-16F7-4668-BE54-9A1E7A4F7556}") = "SetsProcessor.API", "SetsProcessor.API\SetsProcessor.API.csproj", "{D958236A-9812-4F6C-B900-20495FD6729C}"
EndProject
Global
	GlobalSection(SolutionConfigurationPlatforms) = preSolution
		Debug|Any CPU = Debug|Any CPU
		Release|Any CPU = Release|Any CPU
	EndGlobalSection
	GlobalSection(ProjectConfigurationPlatforms) = postSolution
		{882F99D8-60F5-4494-8910-4BDD00929FB3}.Debug|Any CPU.ActiveCfg = Debug|Any CPU
		{882F99D8-60F5-4494-8910-4BDD00929FB3}.Debug|Any CPU.Build.0 = Debug|Any CPU
		{882F99D8-60F5-4494-8910-4BDD00929FB3}.Release|Any CPU.ActiveCfg = Release|Any CPU
		{882F99D8-60F5-4494-8910-4BDD00929FB3}.Release|Any CPU.Build.0 = Release|Any CPU
		{CA0224FE-E40F-4E3F-B41D-784F8A660389}.Debug|Any CPU.ActiveCfg = Debug|Any CPU
		{CA0224FE-E40F-4E3F-B41D-784F8A660389}.Debug|Any CPU.Build.0 = Debug|Any CPU
		{CA0224FE-E40F-4E3F-B41D-784F8A660389}.Release|Any CPU.ActiveCfg = Release|Any CPU
		{CA0224FE-E40F-4E3F-B41D-784F8A660389}.Release|Any CPU.Build.0 = Release|Any CPU
		{D958236A-9812-4F6C-B900-20495FD6729C}.Debug|Any CPU.ActiveCfg = Debug|Any CPU
		{D958236A-9812-4F6C-B900-20495FD6729C}.Debug|Any CPU.Build.0 = Debug|Any CPU
		{D958236A-9812-4F6C-B900-20495FD6729C}.Release|Any CPU.ActiveCfg = Release|Any CPU
		{D958236A-9812-4F6C-B900-20495FD6729C}.Release|Any CPU.Build.0 = Release|Any CPU
	EndGlobalSection
	GlobalSection(SolutionProperties) = preSolution
		HideSolutionNode = FALSE
	EndGlobalSection
	GlobalSection(ExtensibilityGlobals) = postSolution
		SolutionGuid = {CEEAC60E-DD74-44B7-81BF-6CC4193FAD42}
	EndGlobalSection
EndGlobal
